// !$*UTF8*$!
{
	archiveVersion = 1;
	classes = {
	};
	objectVersion = 56;
	objects = {

/* Begin PBXBuildFile section */
		D55387B528E3B7A200A010C5 /* swift_appApp.swift in Sources */ = {isa = PBXBuildFile; fileRef = D55387B428E3B7A200A010C5 /* swift_appApp.swift */; };
		D55387B728E3B7A200A010C5 /* ContentView.swift in Sources */ = {isa = PBXBuildFile; fileRef = D55387B628E3B7A200A010C5 /* ContentView.swift */; };
		D55387B928E3B7A300A010C5 /* Assets.xcassets in Resources */ = {isa = PBXBuildFile; fileRef = D55387B828E3B7A300A010C5 /* Assets.xcassets */; };
		D55387BD28E3B7A300A010C5 /* Preview Assets.xcassets in Resources */ = {isa = PBXBuildFile; fileRef = D55387BC28E3B7A300A010C5 /* Preview Assets.xcassets */; };
		D55387C728E3B7A300A010C5 /* swift_appTests.swift in Sources */ = {isa = PBXBuildFile; fileRef = D55387C628E3B7A300A010C5 /* swift_appTests.swift */; };
		D55387D128E3B7A300A010C5 /* swift_appUITests.swift in Sources */ = {isa = PBXBuildFile; fileRef = D55387D028E3B7A300A010C5 /* swift_appUITests.swift */; };
		D55387D328E3B7A300A010C5 /* swift_appUITestsLaunchTests.swift in Sources */ = {isa = PBXBuildFile; fileRef = D55387D228E3B7A300A010C5 /* swift_appUITestsLaunchTests.swift */; };
/* End PBXBuildFile section */

/* Begin PBXContainerItemProxy section */
		D55387C328E3B7A300A010C5 /* PBXContainerItemProxy */ = {
			isa = PBXContainerItemProxy;
			containerPortal = D55387A928E3B7A200A010C5 /* Project object */;
			proxyType = 1;
			remoteGlobalIDString = D55387B028E3B7A200A010C5;
			remoteInfo = "swift-app";
		};
		D55387CD28E3B7A300A010C5 /* PBXContainerItemProxy */ = {
			isa = PBXContainerItemProxy;
			containerPortal = D55387A928E3B7A200A010C5 /* Project object */;
			proxyType = 1;
			remoteGlobalIDString = D55387B028E3B7A200A010C5;
			remoteInfo = "swift-app";
		};
/* End PBXContainerItemProxy section */

/* Begin PBXFileReference section */
		D55387B128E3B7A200A010C5 /* swift-app.app */ = {isa = PBXFileReference; explicitFileType = wrapper.application; includeInIndex = 0; path = "swift-app.app"; sourceTree = BUILT_PRODUCTS_DIR; };
		D55387B428E3B7A200A010C5 /* swift_appApp.swift */ = {isa = PBXFileReference; lastKnownFileType = sourcecode.swift; path = swift_appApp.swift; sourceTree = "<group>"; };
		D55387B628E3B7A200A010C5 /* ContentView.swift */ = {isa = PBXFileReference; lastKnownFileType = sourcecode.swift; path = ContentView.swift; sourceTree = "<group>"; };
		D55387B828E3B7A300A010C5 /* Assets.xcassets */ = {isa = PBXFileReference; lastKnownFileType = folder.assetcatalog; path = Assets.xcassets; sourceTree = "<group>"; };
		D55387BA28E3B7A300A010C5 /* swift_app.entitlements */ = {isa = PBXFileReference; lastKnownFileType = text.plist.entitlements; path = swift_app.entitlements; sourceTree = "<group>"; };
		D55387BC28E3B7A300A010C5 /* Preview Assets.xcassets */ = {isa = PBXFileReference; lastKnownFileType = folder.assetcatalog; path = "Preview Assets.xcassets"; sourceTree = "<group>"; };
		D55387C228E3B7A300A010C5 /* swift-appTests.xctest */ = {isa = PBXFileReference; explicitFileType = wrapper.cfbundle; includeInIndex = 0; path = "swift-appTests.xctest"; sourceTree = BUILT_PRODUCTS_DIR; };
		D55387C628E3B7A300A010C5 /* swift_appTests.swift */ = {isa = PBXFileReference; lastKnownFileType = sourcecode.swift; path = swift_appTests.swift; sourceTree = "<group>"; };
		D55387CC28E3B7A300A010C5 /* swift-appUITests.xctest */ = {isa = PBXFileReference; explicitFileType = wrapper.cfbundle; includeInIndex = 0; path = "swift-appUITests.xctest"; sourceTree = BUILT_PRODUCTS_DIR; };
		D55387D028E3B7A300A010C5 /* swift_appUITests.swift */ = {isa = PBXFileReference; lastKnownFileType = sourcecode.swift; path = swift_appUITests.swift; sourceTree = "<group>"; };
		D55387D228E3B7A300A010C5 /* swift_appUITestsLaunchTests.swift */ = {isa = PBXFileReference; lastKnownFileType = sourcecode.swift; path = swift_appUITestsLaunchTests.swift; sourceTree = "<group>"; };
/* End PBXFileReference section */

/* Begin PBXFrameworksBuildPhase section */
		D55387AE28E3B7A200A010C5 /* Frameworks */ = {
			isa = PBXFrameworksBuildPhase;
			buildActionMask = 2147483647;
			files = (
			);
			runOnlyForDeploymentPostprocessing = 0;
		};
		D55387BF28E3B7A300A010C5 /* Frameworks */ = {
			isa = PBXFrameworksBuildPhase;
			buildActionMask = 2147483647;
			files = (
			);
			runOnlyForDeploymentPostprocessing = 0;
		};
		D55387C928E3B7A300A010C5 /* Frameworks */ = {
			isa = PBXFrameworksBuildPhase;
			buildActionMask = 2147483647;
			files = (
			);
			runOnlyForDeploymentPostprocessing = 0;
		};
/* End PBXFrameworksBuildPhase section */

/* Begin PBXGroup section */
		D55387A828E3B7A200A010C5 = {
			isa = PBXGroup;
			children = (
				D55387B328E3B7A200A010C5 /* swift-app */,
				D55387C528E3B7A300A010C5 /* swift-appTests */,
				D55387CF28E3B7A300A010C5 /* swift-appUITests */,
				D55387B228E3B7A200A010C5 /* Products */,
			);
			sourceTree = "<group>";
		};
		D55387B228E3B7A200A010C5 /* Products */ = {
			isa = PBXGroup;
			children = (
				D55387B128E3B7A200A010C5 /* swift-app.app */,
				D55387C228E3B7A300A010C5 /* swift-appTests.xctest */,
				D55387CC28E3B7A300A010C5 /* swift-appUITests.xctest */,
			);
			name = Products;
			sourceTree = "<group>";
		};
		D55387B328E3B7A200A010C5 /* swift-app */ = {
			isa = PBXGroup;
			children = (
				D55387B428E3B7A200A010C5 /* swift_appApp.swift */,
				D55387B628E3B7A200A010C5 /* ContentView.swift */,
				D55387B828E3B7A300A010C5 /* Assets.xcassets */,
				D55387BA28E3B7A300A010C5 /* swift_app.entitlements */,
				D55387BB28E3B7A300A010C5 /* Preview Content */,
			);
			path = "swift-app";
			sourceTree = "<group>";
		};
		D55387BB28E3B7A300A010C5 /* Preview Content */ = {
			isa = PBXGroup;
			children = (
				D55387BC28E3B7A300A010C5 /* Preview Assets.xcassets */,
			);
			path = "Preview Content";
			sourceTree = "<group>";
		};
		D55387C528E3B7A300A010C5 /* swift-appTests */ = {
			isa = PBXGroup;
			children = (
				D55387C628E3B7A300A010C5 /* swift_appTests.swift */,
			);
			path = "swift-appTests";
			sourceTree = "<group>";
		};
		D55387CF28E3B7A300A010C5 /* swift-appUITests */ = {
			isa = PBXGroup;
			children = (
				D55387D028E3B7A300A010C5 /* swift_appUITests.swift */,
				D55387D228E3B7A300A010C5 /* swift_appUITestsLaunchTests.swift */,
			);
			path = "swift-appUITests";
			sourceTree = "<group>";
		};
/* End PBXGroup section */

/* Begin PBXNativeTarget section */
		D55387B028E3B7A200A010C5 /* swift-app */ = {
			isa = PBXNativeTarget;
			buildConfigurationList = D55387D628E3B7A300A010C5 /* Build configuration list for PBXNativeTarget "swift-app" */;
			buildPhases = (
				D55387AD28E3B7A200A010C5 /* Sources */,
				D55387AE28E3B7A200A010C5 /* Frameworks */,
				D55387AF28E3B7A200A010C5 /* Resources */,
			);
			buildRules = (
			);
			dependencies = (
			);
			name = "swift-app";
			productName = "swift-app";
			productReference = D55387B128E3B7A200A010C5 /* swift-app.app */;
			productType = "com.apple.product-type.application";
		};
		D55387C128E3B7A300A010C5 /* swift-appTests */ = {
			isa = PBXNativeTarget;
			buildConfigurationList = D55387D928E3B7A300A010C5 /* Build configuration list for PBXNativeTarget "swift-appTests" */;
			buildPhases = (
				D55387BE28E3B7A300A010C5 /* Sources */,
				D55387BF28E3B7A300A010C5 /* Frameworks */,
				D55387C028E3B7A300A010C5 /* Resources */,
			);
			buildRules = (
			);
			dependencies = (
				D55387C428E3B7A300A010C5 /* PBXTargetDependency */,
			);
			name = "swift-appTests";
			productName = "swift-appTests";
			productReference = D55387C228E3B7A300A010C5 /* swift-appTests.xctest */;
			productType = "com.apple.product-type.bundle.unit-test";
		};
		D55387CB28E3B7A300A010C5 /* swift-appUITests */ = {
			isa = PBXNativeTarget;
			buildConfigurationList = D55387DC28E3B7A300A010C5 /* Build configuration list for PBXNativeTarget "swift-appUITests" */;
			buildPhases = (
				D55387C828E3B7A300A010C5 /* Sources */,
				D55387C928E3B7A300A010C5 /* Frameworks */,
				D55387CA28E3B7A300A010C5 /* Resources */,
			);
			buildRules = (
			);
			dependencies = (
				D55387CE28E3B7A300A010C5 /* PBXTargetDependency */,
			);
			name = "swift-appUITests";
			productName = "swift-appUITests";
			productReference = D55387CC28E3B7A300A010C5 /* swift-appUITests.xctest */;
			productType = "com.apple.product-type.bundle.ui-testing";
		};
/* End PBXNativeTarget section */

/* Begin PBXProject section */
		D55387A928E3B7A200A010C5 /* Project object */ = {
			isa = PBXProject;
			attributes = {
				BuildIndependentTargetsInParallel = 1;
				LastSwiftUpdateCheck = 1400;
				LastUpgradeCheck = 1400;
				TargetAttributes = {
					D55387B028E3B7A200A010C5 = {
						CreatedOnToolsVersion = 14.0;
					};
					D55387C128E3B7A300A010C5 = {
						CreatedOnToolsVersion = 14.0;
						TestTargetID = D55387B028E3B7A200A010C5;
					};
					D55387CB28E3B7A300A010C5 = {
						CreatedOnToolsVersion = 14.0;
						TestTargetID = D55387B028E3B7A200A010C5;
					};
				};
			};
			buildConfigurationList = D55387AC28E3B7A200A010C5 /* Build configuration list for PBXProject "swift-app" */;
			compatibilityVersion = "Xcode 14.0";
			developmentRegion = en;
			hasScannedForEncodings = 0;
			knownRegions = (
				en,
				Base,
			);
			mainGroup = D55387A828E3B7A200A010C5;
			productRefGroup = D55387B228E3B7A200A010C5 /* Products */;
			projectDirPath = "";
			projectRoot = "";
			targets = (
				D55387B028E3B7A200A010C5 /* swift-app */,
				D55387C128E3B7A300A010C5 /* swift-appTests */,
				D55387CB28E3B7A300A010C5 /* swift-appUITests */,
			);
		};
/* End PBXProject section */

/* Begin PBXResourcesBuildPhase section */
		D55387AF28E3B7A200A010C5 /* Resources */ = {
			isa = PBXResourcesBuildPhase;
			buildActionMask = 2147483647;
			files = (
				D55387BD28E3B7A300A010C5 /* Preview Assets.xcassets in Resources */,
				D55387B928E3B7A300A010C5 /* Assets.xcassets in Resources */,
			);
			runOnlyForDeploymentPostprocessing = 0;
		};
		D55387C028E3B7A300A010C5 /* Resources */ = {
			isa = PBXResourcesBuildPhase;
			buildActionMask = 2147483647;
			files = (
			);
			runOnlyForDeploymentPostprocessing = 0;
		};
		D55387CA28E3B7A300A010C5 /* Resources */ = {
			isa = PBXResourcesBuildPhase;
			buildActionMask = 2147483647;
			files = (
			);
			runOnlyForDeploymentPostprocessing = 0;
		};
/* End PBXResourcesBuildPhase section */

/* Begin PBXSourcesBuildPhase section */
		D55387AD28E3B7A200A010C5 /* Sources */ = {
			isa = PBXSourcesBuildPhase;
			buildActionMask = 2147483647;
			files = (
				D55387B728E3B7A200A010C5 /* ContentView.swift in Sources */,
				D55387B528E3B7A200A010C5 /* swift_appApp.swift in Sources */,
			);
			runOnlyForDeploymentPostprocessing = 0;
		};
		D55387BE28E3B7A300A010C5 /* Sources */ = {
			isa = PBXSourcesBuildPhase;
			buildActionMask = 2147483647;
			files = (
				D55387C728E3B7A300A010C5 /* swift_appTests.swift in Sources */,
			);
			runOnlyForDeploymentPostprocessing = 0;
		};
		D55387C828E3B7A300A010C5 /* Sources */ = {
			isa = PBXSourcesBuildPhase;
			buildActionMask = 2147483647;
			files = (
				D55387D328E3B7A300A010C5 /* swift_appUITestsLaunchTests.swift in Sources */,
				D55387D128E3B7A300A010C5 /* swift_appUITests.swift in Sources */,
			);
			runOnlyForDeploymentPostprocessing = 0;
		};
/* End PBXSourcesBuildPhase section */

/* Begin PBXTargetDependency section */
		D55387C428E3B7A300A010C5 /* PBXTargetDependency */ = {
			isa = PBXTargetDependency;
			target = D55387B028E3B7A200A010C5 /* swift-app */;
			targetProxy = D55387C328E3B7A300A010C5 /* PBXContainerItemProxy */;
		};
		D55387CE28E3B7A300A010C5 /* PBXTargetDependency */ = {
			isa = PBXTargetDependency;
			target = D55387B028E3B7A200A010C5 /* swift-app */;
			targetProxy = D55387CD28E3B7A300A010C5 /* PBXContainerItemProxy */;
		};
/* End PBXTargetDependency section */

/* Begin XCBuildConfiguration section */
		D55387D428E3B7A300A010C5 /* Debug */ = {
			isa = XCBuildConfiguration;
			buildSettings = {
				ALWAYS_SEARCH_USER_PATHS = NO;
				CLANG_ANALYZER_NONNULL = YES;
				CLANG_ANALYZER_NUMBER_OBJECT_CONVERSION = YES_AGGRESSIVE;
				CLANG_CXX_LANGUAGE_STANDARD = "gnu++20";
				CLANG_ENABLE_MODULES = YES;
				CLANG_ENABLE_OBJC_ARC = YES;
				CLANG_ENABLE_OBJC_WEAK = YES;
				CLANG_WARN_BLOCK_CAPTURE_AUTORELEASING = YES;
				CLANG_WARN_BOOL_CONVERSION = YES;
				CLANG_WARN_COMMA = YES;
				CLANG_WARN_CONSTANT_CONVERSION = YES;
				CLANG_WARN_DEPRECATED_OBJC_IMPLEMENTATIONS = YES;
				CLANG_WARN_DIRECT_OBJC_ISA_USAGE = YES_ERROR;
				CLANG_WARN_DOCUMENTATION_COMMENTS = YES;
				CLANG_WARN_EMPTY_BODY = YES;
				CLANG_WARN_ENUM_CONVERSION = YES;
				CLANG_WARN_INFINITE_RECURSION = YES;
				CLANG_WARN_INT_CONVERSION = YES;
				CLANG_WARN_NON_LITERAL_NULL_CONVERSION = YES;
				CLANG_WARN_OBJC_IMPLICIT_RETAIN_SELF = YES;
				CLANG_WARN_OBJC_LITERAL_CONVERSION = YES;
				CLANG_WARN_OBJC_ROOT_CLASS = YES_ERROR;
				CLANG_WARN_QUOTED_INCLUDE_IN_FRAMEWORK_HEADER = YES;
				CLANG_WARN_RANGE_LOOP_ANALYSIS = YES;
				CLANG_WARN_STRICT_PROTOTYPES = YES;
				CLANG_WARN_SUSPICIOUS_MOVE = YES;
				CLANG_WARN_UNGUARDED_AVAILABILITY = YES_AGGRESSIVE;
				CLANG_WARN_UNREACHABLE_CODE = YES;
				CLANG_WARN__DUPLICATE_METHOD_MATCH = YES;
				COPY_PHASE_STRIP = NO;
				DEBUG_INFORMATION_FORMAT = dwarf;
				ENABLE_STRICT_OBJC_MSGSEND = YES;
				ENABLE_TESTABILITY = YES;
				GCC_C_LANGUAGE_STANDARD = gnu11;
				GCC_DYNAMIC_NO_PIC = NO;
				GCC_NO_COMMON_BLOCKS = YES;
				GCC_OPTIMIZATION_LEVEL = 0;
				GCC_PREPROCESSOR_DEFINITIONS = (
					"DEBUG=1",
					"$(inherited)",
				);
				GCC_WARN_64_TO_32_BIT_CONVERSION = YES;
				GCC_WARN_ABOUT_RETURN_TYPE = YES_ERROR;
				GCC_WARN_UNDECLARED_SELECTOR = YES;
				GCC_WARN_UNINITIALIZED_AUTOS = YES_AGGRESSIVE;
				GCC_WARN_UNUSED_FUNCTION = YES;
				GCC_WARN_UNUSED_VARIABLE = YES;
				MTL_ENABLE_DEBUG_INFO = INCLUDE_SOURCE;
				MTL_FAST_MATH = YES;
				ONLY_ACTIVE_ARCH = YES;
				SWIFT_ACTIVE_COMPILATION_CONDITIONS = DEBUG;
				SWIFT_OPTIMIZATION_LEVEL = "-Onone";
			};
			name = Debug;
		};
		D55387D528E3B7A300A010C5 /* Release */ = {
			isa = XCBuildConfiguration;
			buildSettings = {
				ALWAYS_SEARCH_USER_PATHS = NO;
				CLANG_ANALYZER_NONNULL = YES;
				CLANG_ANALYZER_NUMBER_OBJECT_CONVERSION = YES_AGGRESSIVE;
				CLANG_CXX_LANGUAGE_STANDARD = "gnu++20";
				CLANG_ENABLE_MODULES = YES;
				CLANG_ENABLE_OBJC_ARC = YES;
				CLANG_ENABLE_OBJC_WEAK = YES;
				CLANG_WARN_BLOCK_CAPTURE_AUTORELEASING = YES;
				CLANG_WARN_BOOL_CONVERSION = YES;
				CLANG_WARN_COMMA = YES;
				CLANG_WARN_CONSTANT_CONVERSION = YES;
				CLANG_WARN_DEPRECATED_OBJC_IMPLEMENTATIONS = YES;
				CLANG_WARN_DIRECT_OBJC_ISA_USAGE = YES_ERROR;
				CLANG_WARN_DOCUMENTATION_COMMENTS = YES;
				CLANG_WARN_EMPTY_BODY = YES;
				CLANG_WARN_ENUM_CONVERSION = YES;
				CLANG_WARN_INFINITE_RECURSION = YES;
				CLANG_WARN_INT_CONVERSION = YES;
				CLANG_WARN_NON_LITERAL_NULL_CONVERSION = YES;
				CLANG_WARN_OBJC_IMPLICIT_RETAIN_SELF = YES;
				CLANG_WARN_OBJC_LITERAL_CONVERSION = YES;
				CLANG_WARN_OBJC_ROOT_CLASS = YES_ERROR;
				CLANG_WARN_QUOTED_INCLUDE_IN_FRAMEWORK_HEADER = YES;
				CLANG_WARN_RANGE_LOOP_ANALYSIS = YES;
				CLANG_WARN_STRICT_PROTOTYPES = YES;
				CLANG_WARN_SUSPICIOUS_MOVE = YES;
				CLANG_WARN_UNGUARDED_AVAILABILITY = YES_AGGRESSIVE;
				CLANG_WARN_UNREACHABLE_CODE = YES;
				CLANG_WARN__DUPLICATE_METHOD_MATCH = YES;
				COPY_PHASE_STRIP = NO;
				DEBUG_INFORMATION_FORMAT = "dwarf-with-dsym";
				ENABLE_NS_ASSERTIONS = NO;
				ENABLE_STRICT_OBJC_MSGSEND = YES;
				GCC_C_LANGUAGE_STANDARD = gnu11;
				GCC_NO_COMMON_BLOCKS = YES;
				GCC_WARN_64_TO_32_BIT_CONVERSION = YES;
				GCC_WARN_ABOUT_RETURN_TYPE = YES_ERROR;
				GCC_WARN_UNDECLARED_SELECTOR = YES;
				GCC_WARN_UNINITIALIZED_AUTOS = YES_AGGRESSIVE;
				GCC_WARN_UNUSED_FUNCTION = YES;
				GCC_WARN_UNUSED_VARIABLE = YES;
				MTL_ENABLE_DEBUG_INFO = NO;
				MTL_FAST_MATH = YES;
				SWIFT_COMPILATION_MODE = wholemodule;
				SWIFT_OPTIMIZATION_LEVEL = "-O";
			};
			name = Release;
		};
		D55387D728E3B7A300A010C5 /* Debug */ = {
			isa = XCBuildConfiguration;
			buildSettings = {
				ASSETCATALOG_COMPILER_APPICON_NAME = AppIcon;
				ASSETCATALOG_COMPILER_GLOBAL_ACCENT_COLOR_NAME = AccentColor;
				CODE_SIGN_ENTITLEMENTS = "swift-app/swift_app.entitlements";
				CODE_SIGN_STYLE = Automatic;
				CURRENT_PROJECT_VERSION = 1;
				DEVELOPMENT_ASSET_PATHS = "\"swift-app/Preview Content\"";
				DEVELOPMENT_TEAM = 86MJ3TW94S;
				ENABLE_HARDENED_RUNTIME = YES;
				ENABLE_PREVIEWS = YES;
				GENERATE_INFOPLIST_FILE = YES;
				"INFOPLIST_KEY_UIApplicationSceneManifest_Generation[sdk=iphoneos*]" = YES;
				"INFOPLIST_KEY_UIApplicationSceneManifest_Generation[sdk=iphonesimulator*]" = YES;
				"INFOPLIST_KEY_UIApplicationSupportsIndirectInputEvents[sdk=iphoneos*]" = YES;
				"INFOPLIST_KEY_UIApplicationSupportsIndirectInputEvents[sdk=iphonesimulator*]" = YES;
				"INFOPLIST_KEY_UILaunchScreen_Generation[sdk=iphoneos*]" = YES;
				"INFOPLIST_KEY_UILaunchScreen_Generation[sdk=iphonesimulator*]" = YES;
				"INFOPLIST_KEY_UIStatusBarStyle[sdk=iphoneos*]" = UIStatusBarStyleDefault;
				"INFOPLIST_KEY_UIStatusBarStyle[sdk=iphonesimulator*]" = UIStatusBarStyleDefault;
				INFOPLIST_KEY_UISupportedInterfaceOrientations_iPad = "UIInterfaceOrientationPortrait UIInterfaceOrientationPortraitUpsideDown UIInterfaceOrientationLandscapeLeft UIInterfaceOrientationLandscapeRight";
				INFOPLIST_KEY_UISupportedInterfaceOrientations_iPhone = "UIInterfaceOrientationPortrait UIInterfaceOrientationLandscapeLeft UIInterfaceOrientationLandscapeRight";
				IPHONEOS_DEPLOYMENT_TARGET = 16.0;
				LD_RUNPATH_SEARCH_PATHS = "@executable_path/Frameworks";
				"LD_RUNPATH_SEARCH_PATHS[sdk=macosx*]" = "@executable_path/../Frameworks";
				MACOSX_DEPLOYMENT_TARGET = 12.3;
				MARKETING_VERSION = 1.0;
				PRODUCT_BUNDLE_IDENTIFIER = "iosclub.swift-app";
				PRODUCT_NAME = "$(TARGET_NAME)";
				SDKROOT = auto;
				SUPPORTED_PLATFORMS = "iphoneos iphonesimulator macosx";
				SWIFT_EMIT_LOC_STRINGS = YES;
				SWIFT_VERSION = 5.0;
				TARGETED_DEVICE_FAMILY = "1,2";
			};
			name = Debug;
		};
		D55387D828E3B7A300A010C5 /* Release */ = {
			isa = XCBuildConfiguration;
			buildSettings = {
				ASSETCATALOG_COMPILER_APPICON_NAME = AppIcon;
				ASSETCATALOG_COMPILER_GLOBAL_ACCENT_COLOR_NAME = AccentColor;
				CODE_SIGN_ENTITLEMENTS = "swift-app/swift_app.entitlements";
				CODE_SIGN_STYLE = Automatic;
				CURRENT_PROJECT_VERSION = 1;
				DEVELOPMENT_ASSET_PATHS = "\"swift-app/Preview Content\"";
				DEVELOPMENT_TEAM = 86MJ3TW94S;
				ENABLE_HARDENED_RUNTIME = YES;
				ENABLE_PREVIEWS = YES;
				GENERATE_INFOPLIST_FILE = YES;
				"INFOPLIST_KEY_UIApplicationSceneManifest_Generation[sdk=iphoneos*]" = YES;
				"INFOPLIST_KEY_UIApplicationSceneManifest_Generation[sdk=iphonesimulator*]" = YES;
				"INFOPLIST_KEY_UIApplicationSupportsIndirectInputEvents[sdk=iphoneos*]" = YES;
				"INFOPLIST_KEY_UIApplicationSupportsIndirectInputEvents[sdk=iphonesimulator*]" = YES;
				"INFOPLIST_KEY_UILaunchScreen_Generation[sdk=iphoneos*]" = YES;
				"INFOPLIST_KEY_UILaunchScreen_Generation[sdk=iphonesimulator*]" = YES;
				"INFOPLIST_KEY_UIStatusBarStyle[sdk=iphoneos*]" = UIStatusBarStyleDefault;
				"INFOPLIST_KEY_UIStatusBarStyle[sdk=iphonesimulator*]" = UIStatusBarStyleDefault;
				INFOPLIST_KEY_UISupportedInterfaceOrientations_iPad = "UIInterfaceOrientationPortrait UIInterfaceOrientationPortraitUpsideDown UIInterfaceOrientationLandscapeLeft UIInterfaceOrientationLandscapeRight";
				INFOPLIST_KEY_UISupportedInterfaceOrientations_iPhone = "UIInterfaceOrientationPortrait UIInterfaceOrientationLandscapeLeft UIInterfaceOrientationLandscapeRight";
				IPHONEOS_DEPLOYMENT_TARGET = 16.0;
				LD_RUNPATH_SEARCH_PATHS = "@executable_path/Frameworks";
				"LD_RUNPATH_SEARCH_PATHS[sdk=macosx*]" = "@executable_path/../Frameworks";
				MACOSX_DEPLOYMENT_TARGET = 12.3;
				MARKETING_VERSION = 1.0;
				PRODUCT_BUNDLE_IDENTIFIER = "iosclub.swift-app";
				PRODUCT_NAME = "$(TARGET_NAME)";
				SDKROOT = auto;
				SUPPORTED_PLATFORMS = "iphoneos iphonesimulator macosx";
				SWIFT_EMIT_LOC_STRINGS = YES;
				SWIFT_VERSION = 5.0;
				TARGETED_DEVICE_FAMILY = "1,2";
			};
			name = Release;
		};
		D55387DA28E3B7A300A010C5 /* Debug */ = {
			isa = XCBuildConfiguration;
			buildSettings = {
				ALWAYS_EMBED_SWIFT_STANDARD_LIBRARIES = YES;
				BUNDLE_LOADER = "$(TEST_HOST)";
				CODE_SIGN_STYLE = Automatic;
				CURRENT_PROJECT_VERSION = 1;
				DEVELOPMENT_TEAM = 86MJ3TW94S;
				GENERATE_INFOPLIST_FILE = YES;
				IPHONEOS_DEPLOYMENT_TARGET = 16.0;
				MACOSX_DEPLOYMENT_TARGET = 12.3;
				MARKETING_VERSION = 1.0;
				PRODUCT_BUNDLE_IDENTIFIER = "iosclub.swift-appTests";
				PRODUCT_NAME = "$(TARGET_NAME)";
				SDKROOT = auto;
				SUPPORTED_PLATFORMS = "iphoneos iphonesimulator macosx";
				SWIFT_EMIT_LOC_STRINGS = NO;
				SWIFT_VERSION = 5.0;
				TARGETED_DEVICE_FAMILY = "1,2";
				TEST_HOST = "$(BUILT_PRODUCTS_DIR)/swift-app.app/$(BUNDLE_EXECUTABLE_FOLDER_PATH)/swift-app";
			};
			name = Debug;
		};
		D55387DB28E3B7A300A010C5 /* Release */ = {
			isa = XCBuildConfiguration;
			buildSettings = {
				ALWAYS_EMBED_SWIFT_STANDARD_LIBRARIES = YES;
				BUNDLE_LOADER = "$(TEST_HOST)";
				CODE_SIGN_STYLE = Automatic;
				CURRENT_PROJECT_VERSION = 1;
				DEVELOPMENT_TEAM = 86MJ3TW94S;
				GENERATE_INFOPLIST_FILE = YES;
				IPHONEOS_DEPLOYMENT_TARGET = 16.0;
				MACOSX_DEPLOYMENT_TARGET = 12.3;
				MARKETING_VERSION = 1.0;
				PRODUCT_BUNDLE_IDENTIFIER = "iosclub.swift-appTests";
				PRODUCT_NAME = "$(TARGET_NAME)";
				SDKROOT = auto;
				SUPPORTED_PLATFORMS = "iphoneos iphonesimulator macosx";
				SWIFT_EMIT_LOC_STRINGS = NO;
				SWIFT_VERSION = 5.0;
				TARGETED_DEVICE_FAMILY = "1,2";
				TEST_HOST = "$(BUILT_PRODUCTS_DIR)/swift-app.app/$(BUNDLE_EXECUTABLE_FOLDER_PATH)/swift-app";
			};
			name = Release;
		};
		D55387DD28E3B7A300A010C5 /* Debug */ = {
			isa = XCBuildConfiguration;
			buildSettings = {
				ALWAYS_EMBED_SWIFT_STANDARD_LIBRARIES = YES;
				CODE_SIGN_STYLE = Automatic;
				CURRENT_PROJECT_VERSION = 1;
				DEVELOPMENT_TEAM = 86MJ3TW94S;
				GENERATE_INFOPLIST_FILE = YES;
				IPHONEOS_DEPLOYMENT_TARGET = 16.0;
				MACOSX_DEPLOYMENT_TARGET = 12.3;
				MARKETING_VERSION = 1.0;
				PRODUCT_BUNDLE_IDENTIFIER = "iosclub.swift-appUITests";
				PRODUCT_NAME = "$(TARGET_NAME)";
				SDKROOT = auto;
				SUPPORTED_PLATFORMS = "iphoneos iphonesimulator macosx";
				SWIFT_EMIT_LOC_STRINGS = NO;
				SWIFT_VERSION = 5.0;
				TARGETED_DEVICE_FAMILY = "1,2";
				TEST_TARGET_NAME = "swift-app";
			};
			name = Debug;
		};
		D55387DE28E3B7A300A010C5 /* Release */ = {
			isa = XCBuildConfiguration;
			buildSettings = {
				ALWAYS_EMBED_SWIFT_STANDARD_LIBRARIES = YES;
				CODE_SIGN_STYLE = Automatic;
				CURRENT_PROJECT_VERSION = 1;
				DEVELOPMENT_TEAM = 86MJ3TW94S;
				GENERATE_INFOPLIST_FILE = YES;
				IPHONEOS_DEPLOYMENT_TARGET = 16.0;
				MACOSX_DEPLOYMENT_TARGET = 12.3;
				MARKETING_VERSION = 1.0;
				PRODUCT_BUNDLE_IDENTIFIER = "iosclub.swift-appUITests";
				PRODUCT_NAME = "$(TARGET_NAME)";
				SDKROOT = auto;
				SUPPORTED_PLATFORMS = "iphoneos iphonesimulator macosx";
				SWIFT_EMIT_LOC_STRINGS = NO;
				SWIFT_VERSION = 5.0;
				TARGETED_DEVICE_FAMILY = "1,2";
				TEST_TARGET_NAME = "swift-app";
			};
			name = Release;
		};
/* End XCBuildConfiguration section */

/* Begin XCConfigurationList section */
		D55387AC28E3B7A200A010C5 /* Build configuration list for PBXProject "swift-app" */ = {
			isa = XCConfigurationList;
			buildConfigurations = (
				D55387D428E3B7A300A010C5 /* Debug */,
				D55387D528E3B7A300A010C5 /* Release */,
			);
			defaultConfigurationIsVisible = 0;
			defaultConfigurationName = Release;
		};
		D55387D628E3B7A300A010C5 /* Build configuration list for PBXNativeTarget "swift-app" */ = {
			isa = XCConfigurationList;
			buildConfigurations = (
				D55387D728E3B7A300A010C5 /* Debug */,
				D55387D828E3B7A300A010C5 /* Release */,
			);
			defaultConfigurationIsVisible = 0;
			defaultConfigurationName = Release;
		};
		D55387D928E3B7A300A010C5 /* Build configuration list for PBXNativeTarget "swift-appTests" */ = {
			isa = XCConfigurationList;
			buildConfigurations = (
				D55387DA28E3B7A300A010C5 /* Debug */,
				D55387DB28E3B7A300A010C5 /* Release */,
			);
			defaultConfigurationIsVisible = 0;
			defaultConfigurationName = Release;
		};
		D55387DC28E3B7A300A010C5 /* Build configuration list for PBXNativeTarget "swift-appUITests" */ = {
			isa = XCConfigurationList;
			buildConfigurations = (
				D55387DD28E3B7A300A010C5 /* Debug */,
				D55387DE28E3B7A300A010C5 /* Release */,
			);
			defaultConfigurationIsVisible = 0;
			defaultConfigurationName = Release;
		};
/* End XCConfigurationList section */
	};
	rootObject = D55387A928E3B7A200A010C5 /* Project object */;
}
